lockfileVersion: '9.0'

settings:
  autoInstallPeers: true
  excludeLinksFromLockfile: false

importers:

  .:
    dependencies:
      '@platformatic/kafka':
        specifier: ^1.31.0
        version: 1.31.0
      kafka-typegen:
        specifier: file:../..
        version: file:../..(@platformatic/kafka@1.31.0)
    devDependencies:
      '@types/node':
        specifier: ^24.0.0
        version: 24.12.0
      tsx:
        specifier: ^4.19.2
        version: 4.21.0
      typescript:
        specifier: ^5.8.3
        version: 5.9.3

packages:

  '@emnapi/core@1.9.2':
    resolution: {integrity: sha512-UC+ZhH3XtczQYfOlu3lNEkdW/p4dsJ1r/bP7H8+rhao3TTTMO1ATq/4DdIi23XuGoFY+Cz0JmCbdVl0hz9jZcA==}

  '@emnapi/runtime@1.9.2':
    resolution: {integrity: sha512-3U4+MIWHImeyu1wnmVygh5WlgfYDtyf0k8AbLhMFxOipihf6nrWC4syIm/SwEeec0mNSafiiNnMJwbza/Is6Lw==}

  '@emnapi/wasi-threads@1.2.1':
    resolution: {integrity: sha512-uTII7OYF+/Mes/MrcIOYp5yOtSMLBWSIoLPpcgwipoiKbli6k322tcoFsxoIIxPDqW01SQGAgko4EzZi2BNv2w==}

  '@esbuild/aix-ppc64@0.27.5':
    resolution: {integrity: sha512-nGsF/4C7uzUj+Nj/4J+Zt0bYQ6bz33Phz8Lb2N80Mti1HjGclTJdXZ+9APC4kLvONbjxN1zfvYNd8FEcbBK/MQ==}
    engines: {node: '>=18'}
    cpu: [ppc64]
    os: [aix]

  '@esbuild/android-arm64@0.27.5':
    resolution: {integrity: sha512-Oeghq+XFgh1pUGd1YKs4DDoxzxkoUkvko+T/IVKwlghKLvvjbGFB3ek8VEDBmNvqhwuL0CQS3cExdzpmUyIrgA==}
    engines: {node: '>=18'}
    cpu: [arm64]
    os: [android]

  '@esbuild/android-arm@0.27.5':
    resolution: {integrity: sha512-Cv781jd0Rfj/paoNrul1/r4G0HLvuFKYh7C9uHZ2Pl8YXstzvCyyeWENTFR9qFnRzNMCjXmsulZuvosDg10Mog==}
    engines: {node: '>=18'}
    cpu: [arm]
    os: [android]

  '@esbuild/android-x64@0.27.5':
    resolution: {integrity: sha512-nQD7lspbzerlmtNOxYMFAGmhxgzn8Z7m9jgFkh6kpkjsAhZee1w8tJW3ZlW+N9iRePz0oPUDrYrXidCPSImD0Q==}
    engines: {node: '>=18'}
    cpu: [x64]
    os: [android]

  '@esbuild/darwin-arm64@0.27.5':
    resolution: {integrity: sha512-I+Ya/MgC6rr8oRWGRDF3BXDfP8K1BVUggHqN6VI2lUZLdDi1IM1v2cy0e3lCPbP+pVcK3Tv8cgUhHse1kaNZZw==}
    engines: {node: '>=18'}
    cpu: [arm64]
    os: [darwin]

  '@esbuild/darwin-x64@0.27.5':
    resolution: {integrity: sha512-MCjQUtC8wWJn/pIPM7vQaO69BFgwPD1jriEdqwTCKzWjGgkMbcg+M5HzrOhPhuYe1AJjXlHmD142KQf+jnYj8A==}
    engines: {node: '>=18'}
    cpu: [x64]
    os: [darwin]

  '@esbuild/freebsd-arm64@0.27.5':
    resolution: {integrity: sha512-X6xVS+goSH0UelYXnuf4GHLwpOdc8rgK/zai+dKzBMnncw7BTQIwquOodE7EKvY2UVUetSqyAfyZC1D+oqLQtg==}
    engines: {node: '>=18'}
    cpu: [arm64]
    os: [freebsd]

  '@esbuild/freebsd-x64@0.27.5':
    resolution: {integrity: sha512-233X1FGo3a8x1ekLB6XT69LfZ83vqz+9z3TSEQCTYfMNY880A97nr81KbPcAMl9rmOFp11wO0dP+eB18KU/Ucg==}
    engines: {node: '>=18'}
    cpu: [x64]
    os: [freebsd]

  '@esbuild/linux-arm64@0.27.5':
    resolution: {integrity: sha512-euKkilsNOv7x/M1NKsx5znyprbpsRFIzTV6lWziqJch7yWYayfLtZzDxDTl+LSQDJYAjd9TVb/Kt5UKIrj2e4A==}
    engines: {node: '>=18'}
    cpu: [arm64]
    os: [linux]

  '@esbuild/linux-arm@0.27.5':
    resolution: {integrity: sha512-0wkVrYHG4sdCCN/bcwQ7yYMXACkaHc3UFeaEOwSVW6e5RycMageYAFv+JS2bKLwHyeKVUvtoVH+5/RHq0fgeFw==}
    engines: {node: '>=18'}
    cpu: [arm]
    os: [linux]

  '@esbuild/linux-ia32@0.27.5':
    resolution: {integrity: sha512-hVRQX4+P3MS36NxOy24v/Cdsimy/5HYePw+tmPqnNN1fxV0bPrFWR6TMqwXPwoTM2VzbkA+4lbHWUKDd5ZDA/w==}
    engines: {node: '>=18'}
    cpu: [ia32]
    os: [linux]

  '@esbuild/linux-loong64@0.27.5':
    resolution: {integrity: sha512-mKqqRuOPALI8nDzhOBmIS0INvZOOFGGg5n1osGIXAx8oersceEbKd4t1ACNTHM3sJBXGFAlEgqM+svzjPot+ZQ==}
    engines: {node: '>=18'}
    cpu: [loong64]
    os: [linux]

  '@esbuild/linux-mips64el@0.27.5':
    resolution: {integrity: sha512-EE/QXH9IyaAj1qeuIV5+/GZkBTipgGO782Ff7Um3vPS9cvLhJJeATy4Ggxikz2inZ46KByamMn6GqtqyVjhenA==}
    engines: {node: '>=18'}
    cpu: [mips64el]
    os: [linux]

  '@esbuild/linux-ppc64@0.27.5':
    resolution: {integrity: sha512-0V2iF1RGxBf1b7/BjurA5jfkl7PtySjom1r6xOK2q9KWw/XCpAdtB6KNMO+9xx69yYfSCRR9FE0TyKfHA2eQMw==}
    engines: {node: '>=18'}
    cpu: [ppc64]
    os: [linux]

  '@esbuild/linux-riscv64@0.27.5':
    resolution: {integrity: sha512-rYxThBx6G9HN6tFNuvB/vykeLi4VDsm5hE5pVwzqbAjZEARQrWu3noZSfbEnPZ/CRXP3271GyFk/49up2W190g==}
    engines: {node: '>=18'}
    cpu: [riscv64]
    os: [linux]

  '@esbuild/linux-s390x@0.27.5':
    resolution: {integrity: sha512-uEP2q/4qgd8goEUc4QIdU/1P2NmEtZ/zX5u3OpLlCGhJIuBIv0s0wr7TB2nBrd3/A5XIdEkkS5ZLF0ULuvaaYQ==}
    engines: {node: '>=18'}
    cpu: [s390x]
    os: [linux]

  '@esbuild/linux-x64@0.27.5':
    resolution: {integrity: sha512-+Gq47Wqq6PLOOZuBzVSII2//9yyHNKZLuwfzCemqexqOQCSz0zy0O26kIzyp9EMNMK+nZ0tFHBZrCeVUuMs/ew==}
    engines: {node: '>=18'}
    cpu: [x64]
    os: [linux]

  '@esbuild/netbsd-arm64@0.27.5':
    resolution: {integrity: sha512-3F/5EG8VHfN/I+W5cO1/SV2H9Q/5r7vcHabMnBqhHK2lTWOh3F8vixNzo8lqxrlmBtZVFpW8pmITHnq54+Tq4g==}
    engines: {node: '>=18'}
    cpu: [arm64]
    os: [netbsd]

  '@esbuild/netbsd-x64@0.27.5':
    resolution: {integrity: sha512-28t+Sj3CPN8vkMOlZotOmDgilQwVvxWZl7b8rxpn73Tt/gCnvrHxQUMng4uu3itdFvrtba/1nHejvxqz8xgEMA==}
    engines: {node: '>=18'}
    cpu: [x64]
    os: [netbsd]

  '@esbuild/openbsd-arm64@0.27.5':
    resolution: {integrity: sha512-Doz/hKtiuVAi9hMsBMpwBANhIZc8l238U2Onko3t2xUp8xtM0ZKdDYHMnm/qPFVthY8KtxkXaocwmMh6VolzMA==}
    engines: {node: '>=18'}
    cpu: [arm64]
    os: [openbsd]

  '@esbuild/openbsd-x64@0.27.5':
    resolution: {integrity: sha512-WfGVaa1oz5A7+ZFPkERIbIhKT4olvGl1tyzTRaB5yoZRLqC0KwaO95FeZtOdQj/oKkjW57KcVF944m62/0GYtA==}
    engines: {node: '>=18'}
    cpu: [x64]
    os: [openbsd]

  '@esbuild/openharmony-arm64@0.27.5':
    resolution: {integrity: sha512-Xh+VRuh6OMh3uJ0JkCjI57l+DVe7VRGBYymen8rFPnTVgATBwA6nmToxM2OwTlSvrnWpPKkrQUj93+K9huYC6A==}
    engines: {node: '>=18'}
    cpu: [arm64]
    os: [openharmony]

  '@esbuild/sunos-x64@0.27.5':
    resolution: {integrity: sha512-aC1gpJkkaUADHuAdQfuVTnqVUTLqqUNhAvEwHwVWcnVVZvNlDPGA0UveZsfXJJ9T6k9Po4eHi3c02gbdwO3g6w==}
    engines: {node: '>=18'}
    cpu: [x64]
    os: [sunos]

  '@esbuild/win32-arm64@0.27.5':
    resolution: {integrity: sha512-0UNx2aavV0fk6UpZcwXFLztA2r/k9jTUa7OW7SAea1VYUhkug99MW1uZeXEnPn5+cHOd0n8myQay6TlFnBR07w==}
    engines: {node: '>=18'}
    cpu: [arm64]
    os: [win32]

  '@esbuild/win32-ia32@0.27.5':
    resolution: {integrity: sha512-5nlJ3AeJWCTSzR7AEqVjT/faWyqKU86kCi1lLmxVqmNR+j4HrYdns+eTGjS/vmrzCIe8inGQckUadvS0+JkKdQ==}
    engines: {node: '>=18'}
    cpu: [ia32]
    os: [win32]

  '@esbuild/win32-x64@0.27.5':
    resolution: {integrity: sha512-PWypQR+d4FLfkhBIV+/kHsUELAnMpx1bRvvsn3p+/sAERbnCzFrtDRG2Xw5n+2zPxBK2+iaP+vetsRl4Ti7WgA==}
    engines: {node: '>=18'}
    cpu: [x64]
    os: [win32]

  '@napi-rs/wasm-runtime@0.2.12':
    resolution: {integrity: sha512-ZVWUcfwY4E/yPitQJl481FjFo3K22D6qF0DuFH6Y/nbnE11GY5uguDxZMGXPQ8WQ0128MXQD7TnfHyK4oWoIJQ==}

  '@node-rs/crc32-android-arm-eabi@1.10.6':
    resolution: {integrity: sha512-vZAMuJXm3TpWPOkkhxdrofWDv+Q+I2oO7ucLRbXyAPmXFNDhHtBxbO1rk9Qzz+M3eep8ieS4/+jCL1Q0zacNMQ==}
    engines: {node: '>= 10'}
    cpu: [arm]
    os: [android]

  '@node-rs/crc32-android-arm64@1.10.6':
    resolution: {integrity: sha512-Vl/JbjCinCw/H9gEpZveWCMjxjcEChDcDBM8S4hKay5yyoRCUHJPuKr4sjVDBeOm+1nwU3oOm6Ca8dyblwp4/w==}
    engines: {node: '>= 10'}
    cpu: [arm64]
    os: [android]

  '@node-rs/crc32-darwin-arm64@1.10.6':
    resolution: {integrity: sha512-kARYANp5GnmsQiViA5Qu74weYQ3phOHSYQf0G+U5wB3NB5JmBHnZcOc46Ig21tTypWtdv7u63TaltJQE41noyg==}
    engines: {node: '>= 10'}
    cpu: [arm64]
    os: [darwin]

  '@node-rs/crc32-darwin-x64@1.10.6':
    resolution: {integrity: sha512-Q99bevJVMfLTISpkpKBlXgtPUItrvTWKFyiqoKH5IvscZmLV++NH4V13Pa17GTBmv9n18OwzgQY4/SRq6PQNVA==}
    engines: {node: '>= 10'}
    cpu: [x64]
    os: [darwin]

  '@node-rs/crc32-freebsd-x64@1.10.6':
    resolution: {integrity: sha512-66hpawbNjrgnS9EDMErta/lpaqOMrL6a6ee+nlI2viduVOmRZWm9Rg9XdGTK/+c4bQLdtC6jOd+Kp4EyGRYkAg==}
    engines: {node: '>= 10'}
    cpu: [x64]
    os: [freebsd]

  '@node-rs/crc32-linux-arm-gnueabihf@1.10.6':
    resolution: {integrity: sha512-E8Z0WChH7X6ankbVm8J/Yym19Cq3otx6l4NFPS6JW/cWdjv7iw+Sps2huSug+TBprjbcEA+s4TvEwfDI1KScjg==}
    engines: {node: '>= 10'}
    cpu: [arm]
    os: [linux]

  '@node-rs/crc32-linux-arm64-gnu@1.10.6':
    resolution: {integrity: sha512-LmWcfDbqAvypX0bQjQVPmQGazh4dLiVklkgHxpV4P0TcQ1DT86H/SWpMBMs/ncF8DGuCQ05cNyMv1iddUDugoQ==}
    engines: {node: '>= 10'}
    cpu: [arm64]
    os: [linux]

  '@node-rs/crc32-linux-arm64-musl@1.10.6':
    resolution: {integrity: sha512-k8ra/bmg0hwRrIEE8JL1p32WfaN9gDlUUpQRWsbxd1WhjqvXea7kKO6K4DwVxyxlPhBS9Gkb5Urq7Y4mXANzaw==}
    engines: {node: '>= 10'}
    cpu: [arm64]
    os: [linux]

  '@node-rs/crc32-linux-x64-gnu@1.10.6':
    resolution: {integrity: sha512-IfjtqcuFK7JrSZ9mlAFhb83xgium30PguvRjIMI45C3FJwu18bnLk1oR619IYb/zetQT82MObgmqfKOtgemEKw==}
    engines: {node: '>= 10'}
    cpu: [x64]
    os: [linux]

  '@node-rs/crc32-linux-x64-musl@1.10.6':
    resolution: {integrity: sha512-LbFYsA5M9pNunOweSt6uhxenYQF94v3bHDAQRPTQ3rnjn+mK6IC7YTAYoBjvoJP8lVzcvk9hRj8wp4Jyh6Y80g==}
    engines: {node: '>= 10'}
    cpu: [x64]
    os: [linux]

  '@node-rs/crc32-wasm32-wasi@1.10.6':
    resolution: {integrity: sha512-KaejdLgHMPsRaxnM+OG9L9XdWL2TabNx80HLdsCOoX9BVhEkfh39OeahBo8lBmidylKbLGMQoGfIKDjq0YMStw==}
    engines: {node: '>=14.0.0'}
    cpu: [wasm32]

  '@node-rs/crc32-win32-arm64-msvc@1.10.6':
    resolution: {integrity: sha512-x50AXiSxn5Ccn+dCjLf1T7ZpdBiV1Sp5aC+H2ijhJO4alwznvXgWbopPRVhbp2nj0i+Gb6kkDUEyU+508KAdGQ==}
    engines: {node: '>= 10'}
    cpu: [arm64]
    os: [win32]

  '@node-rs/crc32-win32-ia32-msvc@1.10.6':
    resolution: {integrity: sha512-DpDxQLaErJF9l36aghe1Mx+cOnYLKYo6qVPqPL9ukJ5rAGLtCdU0C+Zoi3gs9ySm8zmbFgazq/LvmsZYU42aBw==}
    engines: {node: '>= 10'}
    cpu: [ia32]
    os: [win32]

  '@node-rs/crc32-win32-x64-msvc@1.10.6':
    resolution: {integrity: sha512-5B1vXosIIBw1m2Rcnw62IIfH7W9s9f7H7Ma0rRuhT8HR4Xh8QCgw6NJSI2S2MCngsGktYnAhyUvs81b7efTyQw==}
    engines: {node: '>= 10'}
    cpu: [x64]
    os: [win32]

  '@node-rs/crc32@1.10.6':
    resolution: {integrity: sha512-+llXfqt+UzgoDzT9of5vPQPGqTAVCohU74I9zIBkNo5TH6s2P31DFJOGsJQKN207f0GHnYv5pV3wh3BCY/un/A==}
    engines: {node: '>= 10'}

  '@platformatic/dynamic-buffer@0.3.1':
    resolution: {integrity: sha512-xQD5JSkQc4D15suOk7FezGDmh6Vb5e4phDoFZ/ASpa3Ft+3fOVwFOENmHtC1561zm/xHnKwI91NbMF8inpbk0Q==}
    engines: {node: '>= 22.19.0'}

  '@platformatic/kafka@1.31.0':
    resolution: {integrity: sha512-ojevpZ4yegNB3HFnq7zxGxX6kaKIACkhP6QcuuoV306qqw9mBct4FGTkoQ6S999eJ5BGJfZ7/DW767+5v80A0A==}
    engines: {node: '>= 20.19.4 || >= 22.18.0 || >= 24.6.0'}

  '@platformatic/wasm-utils@0.1.0':
    resolution: {integrity: sha512-1fMkKsdud0pNlBh0JRELpWi3NE3/Kb0SCKR+5g2vH3ANDNlWDPJVDjNIJZYNdXA73yBfTVVve7xxBV22PUqZeg==}
    engines: {node: '>= 22.19.0'}

  '@protobufjs/aspromise@1.1.2':
    resolution: {integrity: sha512-j+gKExEuLmKwvz3OgROXtrJ2UG2x8Ch2YZUxahh+s1F2HZ+wAceUNLkvy6zKCPVRkU++ZWQrdxsUeQXmcg4uoQ==}

  '@protobufjs/base64@1.1.2':
    resolution: {integrity: sha512-AZkcAA5vnN/v4PDqKyMR5lx7hZttPDgClv83E//FMNhR2TMcLUhfRUBHCmSl0oi9zMgDDqRUJkSxO3wm85+XLg==}

  '@protobufjs/codegen@2.0.4':
    resolution: {integrity: sha512-YyFaikqM5sH0ziFZCN3xDC7zeGaB/d0IUb9CATugHWbd1FRFwWwt4ld4OYMPWu5a3Xe01mGAULCdqhMlPl29Jg==}

  '@protobufjs/eventemitter@1.1.0':
    resolution: {integrity: sha512-j9ednRT81vYJ9OfVuXG6ERSTdEL1xVsNgqpkxMsbIabzSo3goCjDIveeGv5d03om39ML71RdmrGNjG5SReBP/Q==}

  '@protobufjs/fetch@1.1.0':
    resolution: {integrity: sha512-lljVXpqXebpsijW71PZaCYeIcE5on1w5DlQy5WH6GLbFryLUrBD4932W/E2BSpfRJWseIL4v/KPgBFxDOIdKpQ==}

  '@protobufjs/float@1.0.2':
    resolution: {integrity: sha512-Ddb+kVXlXst9d+R9PfTIxh1EdNkgoRe5tOX6t01f1lYWOvJnSPDBlG241QLzcyPdoNTsblLUdujGSE4RzrTZGQ==}

  '@protobufjs/inquire@1.1.0':
    resolution: {integrity: sha512-kdSefcPdruJiFMVSbn801t4vFK7KB/5gd2fYvrxhuJYg8ILrmn9SKSX2tZdV6V+ksulWqS7aXjBcRXl3wHoD9Q==}

  '@protobufjs/path@1.1.2':
    resolution: {integrity: sha512-6JOcJ5Tm08dOHAbdR3GrvP+yUUfkjG5ePsHYczMFLq3ZmMkAD98cDgcT2iA1lJ9NVwFd4tH/iSSoe44YWkltEA==}

  '@protobufjs/pool@1.1.0':
    resolution: {integrity: sha512-0kELaGSIDBKvcgS4zkjz1PeddatrjYcmMWOlAuAPwAeccUrPHdUqo/J6LiymHHEiJT5NrF1UVwxY14f+fy4WQw==}

  '@protobufjs/utf8@1.1.0':
    resolution: {integrity: sha512-Vvn3zZrhQZkkBE8LSuW3em98c0FwgO4nxzv6OdSxPKJIEKY2bGbHn+mhGIPerzI4twdxaP8/0+06HBpwf345Lw==}

  '@tybys/wasm-util@0.10.1':
    resolution: {integrity: sha512-9tTaPJLSiejZKx+Bmog4uSubteqTvFrVrURwkmHixBo0G4seD0zUxp98E1DzUBJxLQ3NPwXrGKDiVjwx/DpPsg==}

  '@types/node@24.12.0':
    resolution: {integrity: sha512-GYDxsZi3ChgmckRT9HPU0WEhKLP08ev/Yfcq2AstjrDASOYCSXeyjDsHg4v5t4jOj7cyDX3vmprafKlWIG9MXQ==}

  ajv@8.18.0:
    resolution: {integrity: sha512-PlXPeEWMXMZ7sPYOHqmDyCJzcfNrUr3fGNKtezX14ykXOEIvyK81d+qydx89KY5O71FKMPaQ2vBfBFI5NHR63A==}

  avsc@5.7.9:
    resolution: {integrity: sha512-yOA4wFeI7ET3v32Di/sUybQ+ttP20JHSW3mxLuNGeO0uD6PPcvLrIQXSvy/rhJOWU5JrYh7U4OHplWMmtAtjMg==}
    engines: {node: '>=0.11'}

  debug@4.4.3:
    resolution: {integrity: sha512-RGwwWnwQvkVfavKVt22FGLw+xYSdzARwm0ru6DhTVA3umU5hZc28V3kO4stgYryrTlLpuvgI9GiijltAjNbcqA==}
    engines: {node: '>=6.0'}
    peerDependencies:
      supports-color: '*'
    peerDependenciesMeta:
      supports-color:
        optional: true

  esbuild@0.27.5:
    resolution: {integrity: sha512-zdQoHBjuDqKsvV5OPaWansOwfSQ0Js+Uj9J85TBvj3bFW1JjWTSULMRwdQAc8qMeIScbClxeMK0jlrtB9linhA==}
    engines: {node: '>=18'}
    hasBin: true

  fast-deep-equal@3.1.3:
    resolution: {integrity: sha512-f3qQ9oQy9j2AhBe/H9VC91wLmKBCCU/gDOnKNAYG5hswO7BLKj09Hc5HYNz9cGI++xlpDCIgDaitVs03ATR84Q==}

  fast-uri@3.1.0:
    resolution: {integrity: sha512-iPeeDKJSWf4IEOasVVrknXpaBV0IApz/gp7S2bb7Z4Lljbl2MGJRqInZiUrQwV16cpzw/D3S5j5Julj/gT52AA==}

  fastq@1.20.1:
    resolution: {integrity: sha512-GGToxJ/w1x32s/D2EKND7kTil4n8OVk/9mycTc4VDza13lOvpUZTGX3mFSCtV9ksdGBVzvsyAVLM6mHFThxXxw==}

  fsevents@2.3.3:
    resolution: {integrity: sha512-5xoDfX+fL7faATnagmWPpbFtwh/R77WmMMqqHGS65C3vvB0YHrgF+B1YmZ3441tMj5n63k0212XNoJwzlhffQw==}
    engines: {node: ^8.16.0 || ^10.6.0 || >=11.0.0}
    os: [darwin]

  get-tsconfig@4.13.7:
    resolution: {integrity: sha512-7tN6rFgBlMgpBML5j8typ92BKFi2sFQvIdpAqLA2beia5avZDrMs0FLZiM5etShWq5irVyGcGMEA1jcDaK7A/Q==}

  json-schema-traverse@1.0.0:
    resolution: {integrity: sha512-NM8/P9n3XjXhIZn1lLhkFaACTOURQXjWhV4BA/RnOv8xvgqtqpAX9IO4mRQxSx1Rlo4tqzeqb0sOlruaOy3dug==}

  kafka-typegen@file:../..:
    resolution: {directory: ../.., type: directory}
    hasBin: true
    peerDependencies:
      '@platformatic/kafka': ^1.31.0
    peerDependenciesMeta:
      '@platformatic/kafka':
        optional: true

  kafkajs@2.2.4:
    resolution: {integrity: sha512-j/YeapB1vfPT2iOIUn/vxdyKEuhuY2PxMBvf5JWux6iSaukAccrMtXEY/Lb7OvavDhOWME589bpLrEdnVHjfjA==}
    engines: {node: '>=14.0.0'}

  long@5.3.2:
    resolution: {integrity: sha512-mNAgZ1GmyNhD7AuqnTG3/VQ26o760+ZYBPKjPvugO8+nLbYfX6TVpJPseBvopbdY+qpZ/lKUnmEc1LeZYS3QAA==}

  mnemonist@0.40.3:
    resolution: {integrity: sha512-Vjyr90sJ23CKKH/qPAgUKicw/v6pRoamxIEDFOF8uSgFME7DqPRpHgRTejWVjkdGg5dXj0/NyxZHZ9bcjH+2uQ==}

  ms@2.1.3:
    resolution: {integrity: sha512-6FlzubTLZG3J2a/NVCAleEhjzq5oxgHyaCU9yYXvcLsvoVaHJq/s5xXI6/XXP6tz7R9xAOtHnSO/tXtF3WRTlA==}

  obliterator@2.0.5:
    resolution: {integrity: sha512-42CPE9AhahZRsMNslczq0ctAEtqk8Eka26QofnqC346BZdHDySk3LWka23LI7ULIw11NmltpiLagIq8gBozxTw==}

  protobufjs@8.0.0:
    resolution: {integrity: sha512-jx6+sE9h/UryaCZhsJWbJtTEy47yXoGNYI4z8ZaRncM0zBKeRqjO2JEcOUYwrYGb1WLhXM1FfMzW3annvFv0rw==}
    engines: {node: '>=12.0.0'}

  require-from-string@2.0.2:
    resolution: {integrity: sha512-Xf0nWe6RseziFMu+Ap9biiUbmplq6S9/p+7w7YXP/JBHhrUDDUhwa+vANyubuqfZWTveU//DYVGsDG7RKL/vEw==}
    engines: {node: '>=0.10.0'}

  resolve-pkg-maps@1.0.0:
    resolution: {integrity: sha512-seS2Tj26TBVOC2NIc2rOe2y2ZO7efxITtLZcGSOnHHNOQ7CkiUBfw0Iw2ck6xkIhPwLhKNLS8BO+hEpngQlqzw==}

  reusify@1.1.0:
    resolution: {integrity: sha512-g6QUff04oZpHs0eG5p83rFLhHeV00ug/Yf9nZM6fLeUrPguBTkTQOdpAWWspMh55TZfVQDPaN3NQJfbVRAxdIw==}
    engines: {iojs: '>=1.0.0', node: '>=0.10.0'}

  scule@1.3.0:
    resolution: {integrity: sha512-6FtHJEvt+pVMIB9IBY+IcCJ6Z5f1iQnytgyfKMhDKgmzYG+TeH/wx1y3l27rshSbLiSanrR9ffZDrEsmjlQF2g==}

  tslib@2.8.1:
    resolution: {integrity: sha512-oJFu94HQb+KVduSUQL7wnpmqnfmLsOA/nAh6b6EH0wCEoK0/mPeXU6c3wKDV83MkOuHPRHtSXKKU99IBazS/2w==}

  tsx@4.21.0:
    resolution: {integrity: sha512-5C1sg4USs1lfG0GFb2RLXsdpXqBSEhAaA/0kPL01wxzpMqLILNxIxIOKiILz+cdg/pLnOUxFYOR5yhHU666wbw==}
    engines: {node: '>=18.0.0'}
    hasBin: true

  typescript@5.9.3:
    resolution: {integrity: sha512-jl1vZzPDinLr9eUt3J/t7V6FgNEw9QjvBPdysz9KfQDD41fQrC2Y4vKQdiaUpFT4bXlb1RHhLpp8wtm6M5TgSw==}
    engines: {node: '>=14.17'}
    hasBin: true

  undici-types@7.16.0:
    resolution: {integrity: sha512-Zz+aZWSj8LE6zoxD+xrjh4VfkIG8Ya6LvYkZqtUQGJPZjYl53ypCaUwWqo7eI0x66KBGeRo+mlBEkMSeSZ38Nw==}

  zod@4.3.6:
    resolution: {integrity: sha512-rftlrkhHZOcjDwkGlnUtZZkvaPHCsDATp4pGpuOOMDaTdDDXF91wuVDJoWoPsKX/3YPQ5fHuF3STjcYyKr+Qhg==}

snapshots:

  '@emnapi/core@1.9.2':
    dependencies:
      '@emnapi/wasi-threads': 1.2.1
      tslib: 2.8.1
    optional: true

  '@emnapi/runtime@1.9.2':
    dependencies:
      tslib: 2.8.1
    optional: true

  '@emnapi/wasi-threads@1.2.1':
    dependencies:
      tslib: 2.8.1
    optional: true

  '@esbuild/aix-ppc64@0.27.5':
    optional: true

  '@esbuild/android-arm64@0.27.5':
    optional: true

  '@esbuild/android-arm@0.27.5':
    optional: true

  '@esbuild/android-x64@0.27.5':
    optional: true

  '@esbuild/darwin-arm64@0.27.5':
    optional: true

  '@esbuild/darwin-x64@0.27.5':
    optional: true

  '@esbuild/freebsd-arm64@0.27.5':
    optional: true

  '@esbuild/freebsd-x64@0.27.5':
    optional: true

  '@esbuild/linux-arm64@0.27.5':
    optional: true

  '@esbuild/linux-arm@0.27.5':
    optional: true

  '@esbuild/linux-ia32@0.27.5':
    optional: true

  '@esbuild/linux-loong64@0.27.5':
    optional: true

  '@esbuild/linux-mips64el@0.27.5':
    optional: true

  '@esbuild/linux-ppc64@0.27.5':
    optional: true

  '@esbuild/linux-riscv64@0.27.5':
    optional: true

  '@esbuild/linux-s390x@0.27.5':
    optional: true

  '@esbuild/linux-x64@0.27.5':
    optional: true

  '@esbuild/netbsd-arm64@0.27.5':
    optional: true

  '@esbuild/netbsd-x64@0.27.5':
    optional: true

  '@esbuild/openbsd-arm64@0.27.5':
    optional: true

  '@esbuild/openbsd-x64@0.27.5':
    optional: true

  '@esbuild/openharmony-arm64@0.27.5':
    optional: true

  '@esbuild/sunos-x64@0.27.5':
    optional: true

  '@esbuild/win32-arm64@0.27.5':
    optional: true

  '@esbuild/win32-ia32@0.27.5':
    optional: true

  '@esbuild/win32-x64@0.27.5':
    optional: true

  '@napi-rs/wasm-runtime@0.2.12':
    dependencies:
      '@emnapi/core': 1.9.2
      '@emnapi/runtime': 1.9.2
      '@tybys/wasm-util': 0.10.1
    optional: true

  '@node-rs/crc32-android-arm-eabi@1.10.6':
    optional: true

  '@node-rs/crc32-android-arm64@1.10.6':
    optional: true

  '@node-rs/crc32-darwin-arm64@1.10.6':
    optional: true

  '@node-rs/crc32-darwin-x64@1.10.6':
    optional: true

  '@node-rs/crc32-freebsd-x64@1.10.6':
    optional: true

  '@node-rs/crc32-linux-arm-gnueabihf@1.10.6':
    optional: true

  '@node-rs/crc32-linux-arm64-gnu@1.10.6':
    optional: true

  '@node-rs/crc32-linux-arm64-musl@1.10.6':
    optional: true

  '@node-rs/crc32-linux-x64-gnu@1.10.6':
    optional: true

  '@node-rs/crc32-linux-x64-musl@1.10.6':
    optional: true

  '@node-rs/crc32-wasm32-wasi@1.10.6':
    dependencies:
      '@napi-rs/wasm-runtime': 0.2.12
    optional: true

  '@node-rs/crc32-win32-arm64-msvc@1.10.6':
    optional: true

  '@node-rs/crc32-win32-ia32-msvc@1.10.6':
    optional: true

  '@node-rs/crc32-win32-x64-msvc@1.10.6':
    optional: true

  '@node-rs/crc32@1.10.6':
    optionalDependencies:
      '@node-rs/crc32-android-arm-eabi': 1.10.6
      '@node-rs/crc32-android-arm64': 1.10.6
      '@node-rs/crc32-darwin-arm64': 1.10.6
      '@node-rs/crc32-darwin-x64': 1.10.6
      '@node-rs/crc32-freebsd-x64': 1.10.6
      '@node-rs/crc32-linux-arm-gnueabihf': 1.10.6
      '@node-rs/crc32-linux-arm64-gnu': 1.10.6
      '@node-rs/crc32-linux-arm64-musl': 1.10.6
      '@node-rs/crc32-linux-x64-gnu': 1.10.6
      '@node-rs/crc32-linux-x64-musl': 1.10.6
      '@node-rs/crc32-wasm32-wasi': 1.10.6
      '@node-rs/crc32-win32-arm64-msvc': 1.10.6
      '@node-rs/crc32-win32-ia32-msvc': 1.10.6
      '@node-rs/crc32-win32-x64-msvc': 1.10.6
    optional: true

  '@platformatic/dynamic-buffer@0.3.1': {}

  '@platformatic/kafka@1.31.0':
    dependencies:
      '@platformatic/dynamic-buffer': 0.3.1
      '@platformatic/wasm-utils': 0.1.0
      ajv: 8.18.0
      avsc: 5.7.9
      debug: 4.4.3
      fastq: 1.20.1
      mnemonist: 0.40.3
      scule: 1.3.0
    optionalDependencies:
      '@node-rs/crc32': 1.10.6
      protobufjs: 8.0.0
    transitivePeerDependencies:
      - supports-color

  '@platformatic/wasm-utils@0.1.0':
    dependencies:
      '@platformatic/dynamic-buffer': 0.3.1

  '@protobufjs/aspromise@1.1.2':
    optional: true

  '@protobufjs/base64@1.1.2':
    optional: true

  '@protobufjs/codegen@2.0.4':
    optional: true

  '@protobufjs/eventemitter@1.1.0':
    optional: true

  '@protobufjs/fetch@1.1.0':
    dependencies:
      '@protobufjs/aspromise': 1.1.2
      '@protobufjs/inquire': 1.1.0
    optional: true

  '@protobufjs/float@1.0.2':
    optional: true

  '@protobufjs/inquire@1.1.0':
    optional: true

  '@protobufjs/path@1.1.2':
    optional: true

  '@protobufjs/pool@1.1.0':
    optional: true

  '@protobufjs/utf8@1.1.0':
    optional: true

  '@tybys/wasm-util@0.10.1':
    dependencies:
      tslib: 2.8.1
    optional: true

  '@types/node@24.12.0':
    dependencies:
      undici-types: 7.16.0

  ajv@8.18.0:
    dependencies:
      fast-deep-equal: 3.1.3
      fast-uri: 3.1.0
      json-schema-traverse: 1.0.0
      require-from-string: 2.0.2

  avsc@5.7.9: {}

  debug@4.4.3:
    dependencies:
      ms: 2.1.3

  esbuild@0.27.5:
    optionalDependencies:
      '@esbuild/aix-ppc64': 0.27.5
      '@esbuild/android-arm': 0.27.5
      '@esbuild/android-arm64': 0.27.5
      '@esbuild/android-x64': 0.27.5
      '@esbuild/darwin-arm64': 0.27.5
      '@esbuild/darwin-x64': 0.27.5
      '@esbuild/freebsd-arm64': 0.27.5
      '@esbuild/freebsd-x64': 0.27.5
      '@esbuild/linux-arm': 0.27.5
      '@esbuild/linux-arm64': 0.27.5
      '@esbuild/linux-ia32': 0.27.5
      '@esbuild/linux-loong64': 0.27.5
      '@esbuild/linux-mips64el': 0.27.5
      '@esbuild/linux-ppc64': 0.27.5
      '@esbuild/linux-riscv64': 0.27.5
      '@esbuild/linux-s390x': 0.27.5
      '@esbuild/linux-x64': 0.27.5
      '@esbuild/netbsd-arm64': 0.27.5
      '@esbuild/netbsd-x64': 0.27.5
      '@esbuild/openbsd-arm64': 0.27.5
      '@esbuild/openbsd-x64': 0.27.5
      '@esbuild/openharmony-arm64': 0.27.5
      '@esbuild/sunos-x64': 0.27.5
      '@esbuild/win32-arm64': 0.27.5
      '@esbuild/win32-ia32': 0.27.5
      '@esbuild/win32-x64': 0.27.5

  fast-deep-equal@3.1.3: {}

  fast-uri@3.1.0: {}

  fastq@1.20.1:
    dependencies:
      reusify: 1.1.0

  fsevents@2.3.3:
    optional: true

  get-tsconfig@4.13.7:
    dependencies:
      resolve-pkg-maps: 1.0.0

  json-schema-traverse@1.0.0: {}

  kafka-typegen@file:../..(@platformatic/kafka@1.31.0):
    dependencies:
      avsc: 5.7.9
      kafkajs: 2.2.4
      zod: 4.3.6
    optionalDependencies:
      '@platformatic/kafka': 1.31.0

  kafkajs@2.2.4: {}

  long@5.3.2:
    optional: true

  mnemonist@0.40.3:
    dependencies:
      obliterator: 2.0.5

  ms@2.1.3: {}

  obliterator@2.0.5: {}

  protobufjs@8.0.0:
    dependencies:
      '@protobufjs/aspromise': 1.1.2
      '@protobufjs/base64': 1.1.2
      '@protobufjs/codegen': 2.0.4
      '@protobufjs/eventemitter': 1.1.0
      '@protobufjs/fetch': 1.1.0
      '@protobufjs/float': 1.0.2
      '@protobufjs/inquire': 1.1.0
      '@protobufjs/path': 1.1.2
      '@protobufjs/pool': 1.1.0
      '@protobufjs/utf8': 1.1.0
      '@types/node': 24.12.0
      long: 5.3.2
    optional: true

  require-from-string@2.0.2: {}

  resolve-pkg-maps@1.0.0: {}

  reusify@1.1.0: {}

  scule@1.3.0: {}

  tslib@2.8.1:
    optional: true

  tsx@4.21.0:
    dependencies:
      esbuild: 0.27.5
      get-tsconfig: 4.13.7
    optionalDependencies:
      fsevents: 2.3.3

  typescript@5.9.3: {}

  undici-types@7.16.0: {}

  zod@4.3.6: {}
